// !$*UTF8*$!
{
	archiveVersion = 1;
	classes = {
	};
	objectVersion = 56;
	objects = {

/* Begin PBXBuildFile section */
		NookaApp001 /* NookaApp.swift in Sources */ = {isa = PBXBuildFile; fileRef = NookaFile001; };
		NookaApp002 /* ContentView.swift in Sources */ = {isa = PBXBuildFile; fileRef = NookaFile002; };
		NookaApp003 /* Assets.xcassets in Resources */ = {isa = PBXBuildFile; fileRef = NookaFile003; };
		NookaApp004 /* Nooka.xcdatamodeld in Sources */ = {isa = PBXBuildFile; fileRef = NookaFile004; };
		NookaApp005 /* CalendarViewModel.swift in Sources */ = {isa = PBXBuildFile; fileRef = NookaFile005; };
		NookaApp006 /* StampCreationViewModel.swift in Sources */ = {isa = PBXBuildFile; fileRef = NookaFile006; };
		NookaApp007 /* PersistenceController.swift in Sources */ = {isa = PBXBuildFile; fileRef = NookaFile007; };
		NookaApp008 /* Colors.swift in Sources */ = {isa = PBXBuildFile; fileRef = NookaFile008; };
		NookaApp009 /* Typography.swift in Sources */ = {isa = PBXBuildFile; fileRef = NookaFile009; };
		NookaApp010 /* Spacing.swift in Sources */ = {isa = PBXBuildFile; fileRef = NookaFile010; };
		NookaApp011 /* DesignSystem.swift in Sources */ = {isa = PBXBuildFile; fileRef = NookaFile011; };
		NookaApp012 /* Stamp.swift in Sources */ = {isa = PBXBuildFile; fileRef = NookaFile012; };
		NookaApp013 /* StampEntry+CoreDataClass.swift in Sources */ = {isa = PBXBuildFile; fileRef = NookaFile013; };
		NookaApp014 /* StampEntry+CoreDataProperties.swift in Sources */ = {isa = PBXBuildFile; fileRef = NookaFile014; };
		NookaApp015 /* Date+Extensions.swift in Sources */ = {isa = PBXBuildFile; fileRef = NookaFile015; };
		NookaApp016 /* CalendarView.swift in Sources */ = {isa = PBXBuildFile; fileRef = NookaFile016; };
		NookaApp017 /* CreateStampView.swift in Sources */ = {isa = PBXBuildFile; fileRef = NookaFile017; };
		NookaApp018 /* SettingsView.swift in Sources */ = {isa = PBXBuildFile; fileRef = NookaFile018; };
		NookaApp019 /* NookaCard.swift in Sources */ = {isa = PBXBuildFile; fileRef = NookaFile019; };
		NookaApp020 /* NookaButton.swift in Sources */ = {isa = PBXBuildFile; fileRef = NookaFile020; };
/* End PBXBuildFile section */

/* Begin PBXFileReference section */
		NookaRef001 /* Nooka.app */ = {isa = PBXFileReference; explicitFileType = wrapper.application; includeInIndex = 0; path = Nooka.app; sourceTree = BUILT_PRODUCTS_DIR; };
		NookaFile001 /* NookaApp.swift */ = {isa = PBXFileReference; lastKnownFileType = sourcecode.swift; path = NookaApp.swift; sourceTree = "<group>"; };
		NookaFile002 /* ContentView.swift */ = {isa = PBXFileReference; lastKnownFileType = sourcecode.swift; path = ContentView.swift; sourceTree = "<group>"; };
		NookaFile003 /* Assets.xcassets */ = {isa = PBXFileReference; lastKnownFileType = folder.assetcatalog; path = Assets.xcassets; sourceTree = "<group>"; };
		NookaFile004 /* Nooka.xcdatamodeld */ = {isa = PBXFileReference; lastKnownFileType = wrapper.xcdatamodel; path = Nooka.xcdatamodeld; sourceTree = "<group>"; };
		NookaFile005 /* CalendarViewModel.swift */ = {isa = PBXFileReference; lastKnownFileType = sourcecode.swift; path = CalendarViewModel.swift; sourceTree = "<group>"; };
		NookaFile006 /* StampCreationViewModel.swift */ = {isa = PBXFileReference; lastKnownFileType = sourcecode.swift; path = StampCreationViewModel.swift; sourceTree = "<group>"; };
		NookaFile007 /* PersistenceController.swift */ = {isa = PBXFileReference; lastKnownFileType = sourcecode.swift; path = PersistenceController.swift; sourceTree = "<group>"; };
		NookaFile008 /* Colors.swift */ = {isa = PBXFileReference; lastKnownFileType = sourcecode.swift; path = Colors.swift; sourceTree = "<group>"; };
		NookaFile009 /* Typography.swift */ = {isa = PBXFileReference; lastKnownFileType = sourcecode.swift; path = Typography.swift; sourceTree = "<group>"; };
		NookaFile010 /* Spacing.swift */ = {isa = PBXFileReference; lastKnownFileType = sourcecode.swift; path = Spacing.swift; sourceTree = "<group>"; };
		NookaFile011 /* DesignSystem.swift */ = {isa = PBXFileReference; lastKnownFileType = sourcecode.swift; path = DesignSystem.swift; sourceTree = "<group>"; };
		NookaFile012 /* Stamp.swift */ = {isa = PBXFileReference; lastKnownFileType = sourcecode.swift; path = Stamp.swift; sourceTree = "<group>"; };
		NookaFile013 /* StampEntry+CoreDataClass.swift */ = {isa = PBXFileReference; lastKnownFileType = sourcecode.swift; path = "StampEntry+CoreDataClass.swift"; sourceTree = "<group>"; };
		NookaFile014 /* StampEntry+CoreDataProperties.swift */ = {isa = PBXFileReference; lastKnownFileType = sourcecode.swift; path = "StampEntry+CoreDataProperties.swift"; sourceTree = "<group>"; };
		NookaFile015 /* Date+Extensions.swift */ = {isa = PBXFileReference; lastKnownFileType = sourcecode.swift; path = "Date+Extensions.swift"; sourceTree = "<group>"; };
		NookaFile016 /* CalendarView.swift */ = {isa = PBXFileReference; lastKnownFileType = sourcecode.swift; path = CalendarView.swift; sourceTree = "<group>"; };
		NookaFile017 /* CreateStampView.swift */ = {isa = PBXFileReference; lastKnownFileType = sourcecode.swift; path = CreateStampView.swift; sourceTree = "<group>"; };
		NookaFile018 /* SettingsView.swift */ = {isa = PBXFileReference; lastKnownFileType = sourcecode.swift; path = SettingsView.swift; sourceTree = "<group>"; };
		NookaFile019 /* NookaCard.swift */ = {isa = PBXFileReference; lastKnownFileType = sourcecode.swift; path = NookaCard.swift; sourceTree = "<group>"; };
		NookaFile020 /* NookaButton.swift */ = {isa = PBXFileReference; lastKnownFileType = sourcecode.swift; path = NookaButton.swift; sourceTree = "<group>"; };
		NookaFile021 /* Info.plist */ = {isa = PBXFileReference; lastKnownFileType = text.plist.xml; path = Info.plist; sourceTree = "<group>"; };
/* End PBXFileReference section */

/* Begin PBXFrameworksBuildPhase section */
		NookaFrameworks001 /* Frameworks */ = {
			isa = PBXFrameworksBuildPhase;
			buildActionMask = 2147483647;
			files = (
			);
			runOnlyForDeploymentPostprocessing = 0;
		};
/* End PBXFrameworksBuildPhase section */

/* Begin PBXGroup section */
		NookaGroup001 = {
			isa = PBXGroup;
			children = (
				NookaGroup002 /* Nooka */,
				NookaGroup003 /* Products */,
			);
			sourceTree = "<group>";
		};
		NookaGroup002 /* Nooka */ = {
			isa = PBXGroup;
			children = (
				NookaGroup004 /* App */,
				NookaGroup005 /* Models */,
				NookaGroup006 /* ViewModels */,
				NookaGroup007 /* Views */,
				NookaGroup008 /* Services */,
				NookaGroup009 /* Design */,
				NookaGroup010 /* Utilities */,
				NookaGroup011 /* Resources */,
				NookaFile021 /* Info.plist */,
			);
			path = Nooka;
			sourceTree = "<group>";
		};
		NookaGroup003 /* Products */ = {
			isa = PBXGroup;
			children = (
				NookaRef001 /* Nooka.app */,
			);
			name = Products;
			sourceTree = "<group>";
		};
		NookaGroup004 /* App */ = {
			isa = PBXGroup;
			children = (
				NookaFile001 /* NookaApp.swift */,
			);
			path = App;
			sourceTree = "<group>";
		};
		NookaGroup005 /* Models */ = {
			isa = PBXGroup;
			children = (
				NookaFile012 /* Stamp.swift */,
				NookaFile013 /* StampEntry+CoreDataClass.swift */,
				NookaFile014 /* StampEntry+CoreDataProperties.swift */,
			);
			path = Models;
			sourceTree = "<group>";
		};
		NookaGroup006 /* ViewModels */ = {
			isa = PBXGroup;
			children = (
				NookaFile005 /* CalendarViewModel.swift */,
				NookaFile006 /* StampCreationViewModel.swift */,
			);
			path = ViewModels;
			sourceTree = "<group>";
		};
		NookaGroup007 /* Views */ = {
			isa = PBXGroup;
			children = (
				NookaFile002 /* ContentView.swift */,
				NookaFile018 /* SettingsView.swift */,
				NookaGroup012 /* Calendar */,
				NookaGroup013 /* StampCreation */,
				NookaGroup014 /* Components */,
			);
			path = Views;
			sourceTree = "<group>";
		};
		NookaGroup008 /* Services */ = {
			isa = PBXGroup;
			children = (
				NookaFile007 /* PersistenceController.swift */,
			);
			path = Services;
			sourceTree = "<group>";
		};
		NookaGroup009 /* Design */ = {
			isa = PBXGroup;
			children = (
				NookaFile008 /* Colors.swift */,
				NookaFile009 /* Typography.swift */,
				NookaFile010 /* Spacing.swift */,
				NookaFile011 /* DesignSystem.swift */,
			);
			path = Design;
			sourceTree = "<group>";
		};
		NookaGroup010 /* Utilities */ = {
			isa = PBXGroup;
			children = (
				NookaGroup015 /* Extensions */,
			);
			path = Utilities;
			sourceTree = "<group>";
		};
		NookaGroup011 /* Resources */ = {
			isa = PBXGroup;
			children = (
				NookaFile003 /* Assets.xcassets */,
				NookaFile004 /* Nooka.xcdatamodeld */,
			);
			path = Resources;
			sourceTree = "<group>";
		};
		NookaGroup012 /* Calendar */ = {
			isa = PBXGroup;
			children = (
				NookaFile016 /* CalendarView.swift */,
			);
			path = Calendar;
			sourceTree = "<group>";
		};
		NookaGroup013 /* StampCreation */ = {
			isa = PBXGroup;
			children = (
				NookaFile017 /* CreateStampView.swift */,
			);
			path = StampCreation;
			sourceTree = "<group>";
		};
		NookaGroup014 /* Components */ = {
			isa = PBXGroup;
			children = (
				NookaFile019 /* NookaCard.swift */,
				NookaFile020 /* NookaButton.swift */,
			);
			path = Components;
			sourceTree = "<group>";
		};
		NookaGroup015 /* Extensions */ = {
			isa = PBXGroup;
			children = (
				NookaFile015 /* Date+Extensions.swift */,
			);
			path = Extensions;
			sourceTree = "<group>";
		};
/* End PBXGroup section */

/* Begin PBXNativeTarget section */
		NookaTarget001 /* Nooka */ = {
			isa = PBXNativeTarget;
			buildConfigurationList = NookaConfigList001 /* Build configuration list for PBXNativeTarget "Nooka" */;
			buildPhases = (
				NookaSourcesBuildPhase001 /* Sources */,
				NookaFrameworks001 /* Frameworks */,
				NookaResourcesBuildPhase001 /* Resources */,
			);
			buildRules = (
			);
			dependencies = (
			);
			name = Nooka;
			productName = Nooka;
			productReference = NookaRef001 /* Nooka.app */;
			productType = "com.apple.product-type.application";
		};
/* End PBXNativeTarget section */

/* Begin PBXProject section */
		NookaProject001 /* Project object */ = {
			isa = PBXProject;
			attributes = {
				BuildIndependentTargetsInParallel = 1;
				LastSwiftUpdateCheck = 1500;
				LastUpgradeCheck = 1500;
			};
			buildConfigurationList = NookaConfigList002 /* Build configuration list for PBXProject "Nooka" */;
			compatibilityVersion = "Xcode 14.0";
			developmentRegion = en;
			hasScannedForEncodings = 0;
			knownRegions = (
				en,
				Base,
			);
			mainGroup = NookaGroup001;
			productRefGroup = NookaGroup003 /* Products */;
			projectDirPath = "";
			projectRoot = "";
			targets = (
				NookaTarget001 /* Nooka */,
			);
		};
/* End PBXProject section */

/* Begin PBXResourcesBuildPhase section */
		NookaResourcesBuildPhase001 /* Resources */ = {
			isa = PBXResourcesBuildPhase;
			buildActionMask = 2147483647;
			files = (
				NookaApp003 /* Assets.xcassets in Resources */,
			);
			runOnlyForDeploymentPostprocessing = 0;
		};
/* End PBXResourcesBuildPhase section */

/* Begin PBXSourcesBuildPhase section */
		NookaSourcesBuildPhase001 /* Sources */ = {
			isa = PBXSourcesBuildPhase;
			buildActionMask = 2147483647;
			files = (
				NookaApp001 /* NookaApp.swift in Sources */,
				NookaApp002 /* ContentView.swift in Sources */,
				NookaApp004 /* Nooka.xcdatamodeld in Sources */,
				NookaApp005 /* CalendarViewModel.swift in Sources */,
				NookaApp006 /* StampCreationViewModel.swift in Sources */,
				NookaApp007 /* PersistenceController.swift in Sources */,
				NookaApp008 /* Colors.swift in Sources */,
				NookaApp009 /* Typography.swift in Sources */,
				NookaApp010 /* Spacing.swift in Sources */,
				NookaApp011 /* DesignSystem.swift in Sources */,
				NookaApp012 /* Stamp.swift in Sources */,
				NookaApp013 /* StampEntry+CoreDataClass.swift in Sources */,
				NookaApp014 /* StampEntry+CoreDataProperties.swift in Sources */,
				NookaApp015 /* Date+Extensions.swift in Sources */,
				NookaApp016 /* CalendarView.swift in Sources */,
				NookaApp017 /* CreateStampView.swift in Sources */,
				NookaApp018 /* SettingsView.swift in Sources */,
				NookaApp019 /* NookaCard.swift in Sources */,
				NookaApp020 /* NookaButton.swift in Sources */,
			);
			runOnlyForDeploymentPostprocessing = 0;
		};
/* End PBXSourcesBuildPhase section */

/* Begin XCBuildConfiguration section */
		NookaDebugConfig001 /* Debug */ = {
			isa = XCBuildConfiguration;
			buildSettings = {
				ALWAYS_SEARCH_USER_PATHS = NO;
				ASSETCATALOG_COMPILER_APPICON_NAME = AppIcon;
				ASSETCATALOG_COMPILER_GLOBAL_ACCENT_COLOR_NAME = AccentColor;
				CLANG_ANALYZER_NONNULL = YES;
				CLANG_ANALYZER_NUMBER_OBJECT_CONVERSION = YES_AGGRESSIVE;
				CLANG_CXX_LANGUAGE_STANDARD = "gnu++20";
				CLANG_ENABLE_MODULES = YES;
				CLANG_ENABLE_OBJC_ARC = YES;
				CLANG_ENABLE_OBJC_WEAK = YES;
				CLANG_WARN_BLOCK_CAPTURE_AUTORELEASING = YES;
				CLANG_WARN_BOOL_CONVERSION = YES;
				CLANG_WARN_COMMA = YES;
				CLANG_WARN_CONSTANT_CONVERSION = YES;
				CLANG_WARN_DEPRECATED_OBJC_IMPLEMENTATIONS = YES;
				CLANG_WARN_DIRECT_OBJC_ISA_USAGE = YES_ERROR;
				CLANG_WARN_DOCUMENTATION_COMMENTS = YES;
				CLANG_WARN_EMPTY_BODY = YES;
				CLANG_WARN_ENUM_CONVERSION = YES;
				CLANG_WARN_INFINITE_RECURSION = YES;
				CLANG_WARN_INT_CONVERSION = YES;
				CLANG_WARN_NON_LITERAL_NULL_CONVERSION = YES;
				CLANG_WARN_OBJC_IMPLICIT_RETAIN_SELF = YES;
				CLANG_WARN_OBJC_LITERAL_CONVERSION = YES;
				CLANG_WARN_OBJC_ROOT_CLASS = YES_ERROR;
				CLANG_WARN_QUOTED_INCLUDE_IN_FRAMEWORK_HEADER = YES;
				CLANG_WARN_RANGE_LOOP_ANALYSIS = YES;
				CLANG_WARN_STRICT_PROTOTYPES = YES;
				CLANG_WARN_SUSPICIOUS_MOVE = YES;
				CLANG_WARN_UNGUARDED_AVAILABILITY = YES_AGGRESSIVE;
				CLANG_WARN_UNREACHABLE_CODE = YES;
				CLANG_WARN__DUPLICATE_METHOD_MATCH = YES;
				CODE_SIGN_STYLE = Automatic;
				COPY_PHASE_STRIP = NO;
				CURRENT_PROJECT_VERSION = 1;
				DEBUG_INFORMATION_FORMAT = dwarf;
				DEVELOPMENT_TEAM = "";
				ENABLE_STRICT_OBJC_MSGSEND = YES;
				ENABLE_TESTABILITY = YES;
				GCC_C_LANGUAGE_STANDARD = gnu11;
				GCC_DYNAMIC_NO_PIC = NO;
				GCC_NO_COMMON_BLOCKS = YES;
				GCC_OPTIMIZATION_LEVEL = 0;
				GCC_PREPROCESSOR_DEFINITIONS = (
					"DEBUG=1",
					"$(inherited)",
				);
				GCC_WARN_64_TO_32_BIT_CONVERSION = YES;
				GCC_WARN_ABOUT_RETURN_TYPE = YES_ERROR;
				GCC_WARN_UNDECLARED_SELECTOR = YES;
				GCC_WARN_UNINITIALIZED_AUTOS = YES_AGGRESSIVE;
				GCC_WARN_UNUSED_FUNCTION = YES;
				GCC_WARN_UNUSED_VARIABLE = YES;
				GENERATE_INFOPLIST_FILE = YES;
				INFOPLIST_FILE = Nooka/Info.plist;
				INFOPLIST_KEY_UIApplicationSceneManifest_Generation = YES;
				INFOPLIST_KEY_UIApplicationSupportsIndirectInputEvents = YES;
				INFOPLIST_KEY_UILaunchScreen_Generation = YES;
				INFOPLIST_KEY_UISupportedInterfaceOrientations = UIInterfaceOrientationPortrait;
				INFOPLIST_KEY_UISupportedInterfaceOrientations_iPad = "UIInterfaceOrientationLandscapeLeft UIInterfaceOrientationLandscapeRight UIInterfaceOrientationPortrait UIInterfaceOrientationPortraitUpsideDown";
				IPHONEOS_DEPLOYMENT_TARGET = 16.0;
				LD_RUNPATH_SEARCH_PATHS = (
					"$(inherited)",
					"@executable_path/Frameworks",
				);
				MARKETING_VERSION = 1.0;
				MTL_ENABLE_DEBUG_INFO = INCLUDE_SOURCE;
				MTL_FAST_MATH = YES;
				ONLY_ACTIVE_ARCH = YES;
				PRODUCT_BUNDLE_IDENTIFIER = com.nooka.stampdiary;
				PRODUCT_NAME = "$(TARGET_NAME)";
				SDKROOT = iphoneos;
				SWIFT_ACTIVE_COMPILATION_CONDITIONS = DEBUG;
				SWIFT_EMIT_LOC_STRINGS = YES;
				SWIFT_OPTIMIZATION_LEVEL = "-Onone";
				SWIFT_VERSION = 5.0;
				TARGETED_DEVICE_FAMILY = "1,2";
			};
			name = Debug;
		};
		NookaReleaseConfig001 /* Release */ = {
			isa = XCBuildConfiguration;
			buildSettings = {
				ALWAYS_SEARCH_USER_PATHS = NO;
				ASSETCATALOG_COMPILER_APPICON_NAME = AppIcon;
				ASSETCATALOG_COMPILER_GLOBAL_ACCENT_COLOR_NAME = AccentColor;
				CLANG_ANALYZER_NONNULL = YES;
				CLANG_ANALYZER_NUMBER_OBJECT_CONVERSION = YES_AGGRESSIVE;
				CLANG_CXX_LANGUAGE_STANDARD = "gnu++20";
				CLANG_ENABLE_MODULES = YES;
				CLANG_ENABLE_OBJC_ARC = YES;
				CLANG_ENABLE_OBJC_WEAK = YES;
				CLANG_WARN_BLOCK_CAPTURE_AUTORELEASING = YES;
				CLANG_WARN_BOOL_CONVERSION = YES;
				CLANG_WARN_COMMA = YES;
				CLANG_WARN_CONSTANT_CONVERSION = YES;
				CLANG_WARN_DEPRECATED_OBJC_IMPLEMENTATIONS = YES;
				CLANG_WARN_DIRECT_OBJC_ISA_USAGE = YES_ERROR;
				CLANG_WARN_DOCUMENTATION_COMMENTS = YES;
				CLANG_WARN_EMPTY_BODY = YES;
				CLANG_WARN_ENUM_CONVERSION = YES;
				CLANG_WARN_INFINITE_RECURSION = YES;
				CLANG_WARN_INT_CONVERSION = YES;
				CLANG_WARN_NON_LITERAL_NULL_CONVERSION = YES;
				CLANG_WARN_OBJC_IMPLICIT_RETAIN_SELF = YES;
				CLANG_WARN_OBJC_LITERAL_CONVERSION = YES;
				CLANG_WARN_OBJC_ROOT_CLASS = YES_ERROR;
				CLANG_WARN_QUOTED_INCLUDE_IN_FRAMEWORK_HEADER = YES;
				CLANG_WARN_RANGE_LOOP_ANALYSIS = YES;
				CLANG_WARN_STRICT_PROTOTYPES = YES;
				CLANG_WARN_SUSPICIOUS_MOVE = YES;
				CLANG_WARN_UNGUARDED_AVAILABILITY = YES_AGGRESSIVE;
				CLANG_WARN_UNREACHABLE_CODE = YES;
				CLANG_WARN__DUPLICATE_METHOD_MATCH = YES;
				CODE_SIGN_STYLE = Automatic;
				COPY_PHASE_STRIP = NO;
				CURRENT_PROJECT_VERSION = 1;
				DEBUG_INFORMATION_FORMAT = "dwarf-with-dsym";
				DEVELOPMENT_TEAM = "";
				ENABLE_NS_ASSERTIONS = NO;
				ENABLE_STRICT_OBJC_MSGSEND = YES;
				GCC_C_LANGUAGE_STANDARD = gnu11;
				GCC_NO_COMMON_BLOCKS = YES;
				GCC_WARN_64_TO_32_BIT_CONVERSION = YES;
				GCC_WARN_ABOUT_RETURN_TYPE = YES_ERROR;
				GCC_WARN_UNDECLARED_SELECTOR = YES;
				GCC_WARN_UNINITIALIZED_AUTOS = YES_AGGRESSIVE;
				GCC_WARN_UNUSED_FUNCTION = YES;
				GCC_WARN_UNUSED_VARIABLE = YES;
				GENERATE_INFOPLIST_FILE = YES;
				INFOPLIST_FILE = Nooka/Info.plist;
				INFOPLIST_KEY_UIApplicationSceneManifest_Generation = YES;
				INFOPLIST_KEY_UIApplicationSupportsIndirectInputEvents = YES;
				INFOPLIST_KEY_UILaunchScreen_Generation = YES;
				INFOPLIST_KEY_UISupportedInterfaceOrientations = UIInterfaceOrientationPortrait;
				INFOPLIST_KEY_UISupportedInterfaceOrientations_iPad = "UIInterfaceOrientationLandscapeLeft UIInterfaceOrientationLandscapeRight UIInterfaceOrientationPortrait UIInterfaceOrientationPortraitUpsideDown";
				IPHONEOS_DEPLOYMENT_TARGET = 16.0;
				LD_RUNPATH_SEARCH_PATHS = (
					"$(inherited)",
					"@executable_path/Frameworks",
				);
				MARKETING_VERSION = 1.0;
				MTL_ENABLE_DEBUG_INFO = NO;
				MTL_FAST_MATH = YES;
				PRODUCT_BUNDLE_IDENTIFIER = com.nooka.stampdiary;
				PRODUCT_NAME = "$(TARGET_NAME)";
				SDKROOT = iphoneos;
				SWIFT_COMPILATION_MODE = wholemodule;
				SWIFT_EMIT_LOC_STRINGS = YES;
				SWIFT_OPTIMIZATION_LEVEL = "-O";
				SWIFT_VERSION = 5.0;
				TARGETED_DEVICE_FAMILY = "1,2";
				VALIDATE_PRODUCT = YES;
			};
			name = Release;
		};
/* End XCBuildConfiguration section */

/* Begin XCConfigurationList section */
		NookaConfigList001 /* Build configuration list for PBXNativeTarget "Nooka" */ = {
			isa = XCConfigurationList;
			buildConfigurations = (
				NookaDebugConfig001 /* Debug */,
				NookaReleaseConfig001 /* Release */,
			);
			defaultConfigurationIsVisible = 0;
			defaultConfigurationName = Release;
		};
		NookaConfigList002 /* Build configuration list for PBXProject "Nooka" */ = {
			isa = XCConfigurationList;
			buildConfigurations = (
				NookaDebugConfig001 /* Debug */,
				NookaReleaseConfig001 /* Release */,
			);
			defaultConfigurationIsVisible = 0;
			defaultConfigurationName = Release;
		};
/* End XCConfigurationList section */
	};
	rootObject = NookaProject001 /* Project object */;
}
